
Microsoft Visual Studio Solution File, Format Version 12.00
Project("{FAE04EC0-301F-11D3-BF4B-00C04F79EFBC}") = "WebApp", "WebApp\WebApp.csproj", "{072F47B9-4926-4B72-8259-AC4FDB40D27C}"
EndProject
Project("{2150E333-8FDC-42A3-9474-1A3956D46DE8}") = "APP", "APP", "{FEAD9E5C-C9FD-4CCF-ABF4-D10627E337B6}"
EndProject
Project("{2150E333-8FDC-42A3-9474-1A3956D46DE8}") = "BASE", "BASE", "{E54161AF-736E-49DB-8496-F3D77648640A}"
EndProject
Project("{2150E333-8FDC-42A3-9474-1A3956D46DE8}") = "!Solution Item", "!Solution Item", "{02CA8C38-9770-496E-96F6-468978FA6545}"
	ProjectSection(SolutionItems) = preProject
		..\Directory.Build.props = ..\Directory.Build.props
		..\README.md = ..\README.md
		..\docker-compose.yml = ..\docker-compose.yml
		..\Dockerfile = ..\Dockerfile
	EndProjectSection
EndProject
Project("{FAE04EC0-301F-11D3-BF4B-00C04F79EFBC}") = "App.Domain", "App.Domain\App.Domain.csproj", "{9D68292A-6B37-4F39-99AB-43ACE670BA60}"
EndProject
Project("{FAE04EC0-301F-11D3-BF4B-00C04F79EFBC}") = "App.DTO", "App.DTO\App.DTO.csproj", "{12D5F504-29BA-48A1-831E-332C81CD0389}"
EndProject
Project("{FAE04EC0-301F-11D3-BF4B-00C04F79EFBC}") = "App.DAL.EF", "App.DAL.EF\App.DAL.EF.csproj", "{F99AC8D3-F5A4-4937-B1D0-EECB7C82D410}"
EndProject
Project("{FAE04EC0-301F-11D3-BF4B-00C04F79EFBC}") = "App.DAL.DTO", "App.DAL.DTO\App.DAL.DTO.csproj", "{878AA4A1-1E3E-4DEA-BB6A-FE4EFCACE3EB}"
EndProject
Project("{FAE04EC0-301F-11D3-BF4B-00C04F79EFBC}") = "App.DAL.Contracts", "App.DAL.Contracts\App.DAL.Contracts.csproj", "{01A865E8-BC0B-4108-8673-2612BBF84554}"
EndProject
Project("{FAE04EC0-301F-11D3-BF4B-00C04F79EFBC}") = "Base.Contracts", "Base.Contracts\Base.Contracts.csproj", "{AF8334FB-EEE2-4B2D-871D-DA499A8CA465}"
EndProject
Project("{FAE04EC0-301F-11D3-BF4B-00C04F79EFBC}") = "Base.DAL.Contracts", "Base.DAL.Contracts\Base.DAL.Contracts.csproj", "{AC2F9317-3E77-4F77-9369-427CDDE25947}"
EndProject
Project("{FAE04EC0-301F-11D3-BF4B-00C04F79EFBC}") = "Base.DAL.EF", "Base.DAL.EF\Base.DAL.EF.csproj", "{2B7A7ECD-CC58-4633-BCB1-C6B0013BB753}"
EndProject
Project("{FAE04EC0-301F-11D3-BF4B-00C04F79EFBC}") = "Base.Helpers", "Base.Helpers\Base.Helpers.csproj", "{1D0DB285-6014-4C1C-9762-E4D839692F8E}"
EndProject
Project("{FAE04EC0-301F-11D3-BF4B-00C04F79EFBC}") = "App.Resources", "App.Resources\App.Resources.csproj", "{D58F4A1F-4185-4214-BEF9-B8CE0E9D2FDE}"
EndProject
Project("{FAE04EC0-301F-11D3-BF4B-00C04F79EFBC}") = "Base.Resources", "Base.Resources\Base.Resources.csproj", "{35188430-A7A2-47BD-B2CC-AA8863B9E363}"
EndProject
Project("{FAE04EC0-301F-11D3-BF4B-00C04F79EFBC}") = "Base.Domain", "Base.Domain\Base.Domain.csproj", "{3F022CD5-FCEF-45C9-9BBC-07535A896C9F}"
EndProject
Project("{FAE04EC0-301F-11D3-BF4B-00C04F79EFBC}") = "Base.BLL", "Base.BLL\Base.BLL.csproj", "{4DB190DA-6AF6-4DB6-95FA-24245F0BC931}"
EndProject
Project("{FAE04EC0-301F-11D3-BF4B-00C04F79EFBC}") = "Base.BLL.Contracts", "Base.BLL.Contracts\Base.BLL.Contracts.csproj", "{33B0A70F-DDC4-4EF8-8470-F93A4F6C9F9E}"
EndProject
Project("{FAE04EC0-301F-11D3-BF4B-00C04F79EFBC}") = "App.BLL", "App.BLL\App.BLL.csproj", "{0D5245EB-81F3-48D4-A637-AE6A234D6A22}"
EndProject
Project("{FAE04EC0-301F-11D3-BF4B-00C04F79EFBC}") = "App.BLL.Contracts", "App.BLL.Contracts\App.BLL.Contracts.csproj", "{E2749BD1-CE57-4F55-8E29-4DE31DA7C122}"
EndProject
Project("{FAE04EC0-301F-11D3-BF4B-00C04F79EFBC}") = "App.BLL.DTO", "App.BLL.DTO\App.BLL.DTO.csproj", "{0C0DA0D9-C85C-4740-9BB6-2F38DC68B6A9}"
EndProject
Global
	GlobalSection(SolutionConfigurationPlatforms) = preSolution
		Debug|Any CPU = Debug|Any CPU
		Release|Any CPU = Release|Any CPU
	EndGlobalSection
	GlobalSection(ProjectConfigurationPlatforms) = postSolution
		{072F47B9-4926-4B72-8259-AC4FDB40D27C}.Debug|Any CPU.ActiveCfg = Debug|Any CPU
		{072F47B9-4926-4B72-8259-AC4FDB40D27C}.Debug|Any CPU.Build.0 = Debug|Any CPU
		{072F47B9-4926-4B72-8259-AC4FDB40D27C}.Release|Any CPU.ActiveCfg = Release|Any CPU
		{072F47B9-4926-4B72-8259-AC4FDB40D27C}.Release|Any CPU.Build.0 = Release|Any CPU
		{9D68292A-6B37-4F39-99AB-43ACE670BA60}.Debug|Any CPU.ActiveCfg = Debug|Any CPU
		{9D68292A-6B37-4F39-99AB-43ACE670BA60}.Debug|Any CPU.Build.0 = Debug|Any CPU
		{9D68292A-6B37-4F39-99AB-43ACE670BA60}.Release|Any CPU.ActiveCfg = Release|Any CPU
		{9D68292A-6B37-4F39-99AB-43ACE670BA60}.Release|Any CPU.Build.0 = Release|Any CPU
		{12D5F504-29BA-48A1-831E-332C81CD0389}.Debug|Any CPU.ActiveCfg = Debug|Any CPU
		{12D5F504-29BA-48A1-831E-332C81CD0389}.Debug|Any CPU.Build.0 = Debug|Any CPU
		{12D5F504-29BA-48A1-831E-332C81CD0389}.Release|Any CPU.ActiveCfg = Release|Any CPU
		{12D5F504-29BA-48A1-831E-332C81CD0389}.Release|Any CPU.Build.0 = Release|Any CPU
		{F99AC8D3-F5A4-4937-B1D0-EECB7C82D410}.Debug|Any CPU.ActiveCfg = Debug|Any CPU
		{F99AC8D3-F5A4-4937-B1D0-EECB7C82D410}.Debug|Any CPU.Build.0 = Debug|Any CPU
		{F99AC8D3-F5A4-4937-B1D0-EECB7C82D410}.Release|Any CPU.ActiveCfg = Release|Any CPU
		{F99AC8D3-F5A4-4937-B1D0-EECB7C82D410}.Release|Any CPU.Build.0 = Release|Any CPU
		{878AA4A1-1E3E-4DEA-BB6A-FE4EFCACE3EB}.Debug|Any CPU.ActiveCfg = Debug|Any CPU
		{878AA4A1-1E3E-4DEA-BB6A-FE4EFCACE3EB}.Debug|Any CPU.Build.0 = Debug|Any CPU
		{878AA4A1-1E3E-4DEA-BB6A-FE4EFCACE3EB}.Release|Any CPU.ActiveCfg = Release|Any CPU
		{878AA4A1-1E3E-4DEA-BB6A-FE4EFCACE3EB}.Release|Any CPU.Build.0 = Release|Any CPU
		{01A865E8-BC0B-4108-8673-2612BBF84554}.Debug|Any CPU.ActiveCfg = Debug|Any CPU
		{01A865E8-BC0B-4108-8673-2612BBF84554}.Debug|Any CPU.Build.0 = Debug|Any CPU
		{01A865E8-BC0B-4108-8673-2612BBF84554}.Release|Any CPU.ActiveCfg = Release|Any CPU
		{01A865E8-BC0B-4108-8673-2612BBF84554}.Release|Any CPU.Build.0 = Release|Any CPU
		{AF8334FB-EEE2-4B2D-871D-DA499A8CA465}.Debug|Any CPU.ActiveCfg = Debug|Any CPU
		{AF8334FB-EEE2-4B2D-871D-DA499A8CA465}.Debug|Any CPU.Build.0 = Debug|Any CPU
		{AF8334FB-EEE2-4B2D-871D-DA499A8CA465}.Release|Any CPU.ActiveCfg = Release|Any CPU
		{AF8334FB-EEE2-4B2D-871D-DA499A8CA465}.Release|Any CPU.Build.0 = Release|Any CPU
		{AC2F9317-3E77-4F77-9369-427CDDE25947}.Debug|Any CPU.ActiveCfg = Debug|Any CPU
		{AC2F9317-3E77-4F77-9369-427CDDE25947}.Debug|Any CPU.Build.0 = Debug|Any CPU
		{AC2F9317-3E77-4F77-9369-427CDDE25947}.Release|Any CPU.ActiveCfg = Release|Any CPU
		{AC2F9317-3E77-4F77-9369-427CDDE25947}.Release|Any CPU.Build.0 = Release|Any CPU
		{2B7A7ECD-CC58-4633-BCB1-C6B0013BB753}.Debug|Any CPU.ActiveCfg = Debug|Any CPU
		{2B7A7ECD-CC58-4633-BCB1-C6B0013BB753}.Debug|Any CPU.Build.0 = Debug|Any CPU
		{2B7A7ECD-CC58-4633-BCB1-C6B0013BB753}.Release|Any CPU.ActiveCfg = Release|Any CPU
		{2B7A7ECD-CC58-4633-BCB1-C6B0013BB753}.Release|Any CPU.Build.0 = Release|Any CPU
		{1D0DB285-6014-4C1C-9762-E4D839692F8E}.Debug|Any CPU.ActiveCfg = Debug|Any CPU
		{1D0DB285-6014-4C1C-9762-E4D839692F8E}.Debug|Any CPU.Build.0 = Debug|Any CPU
		{1D0DB285-6014-4C1C-9762-E4D839692F8E}.Release|Any CPU.ActiveCfg = Release|Any CPU
		{1D0DB285-6014-4C1C-9762-E4D839692F8E}.Release|Any CPU.Build.0 = Release|Any CPU
		{D58F4A1F-4185-4214-BEF9-B8CE0E9D2FDE}.Debug|Any CPU.ActiveCfg = Debug|Any CPU
		{D58F4A1F-4185-4214-BEF9-B8CE0E9D2FDE}.Debug|Any CPU.Build.0 = Debug|Any CPU
		{D58F4A1F-4185-4214-BEF9-B8CE0E9D2FDE}.Release|Any CPU.ActiveCfg = Release|Any CPU
		{D58F4A1F-4185-4214-BEF9-B8CE0E9D2FDE}.Release|Any CPU.Build.0 = Release|Any CPU
		{35188430-A7A2-47BD-B2CC-AA8863B9E363}.Debug|Any CPU.ActiveCfg = Debug|Any CPU
		{35188430-A7A2-47BD-B2CC-AA8863B9E363}.Debug|Any CPU.Build.0 = Debug|Any CPU
		{35188430-A7A2-47BD-B2CC-AA8863B9E363}.Release|Any CPU.ActiveCfg = Release|Any CPU
		{35188430-A7A2-47BD-B2CC-AA8863B9E363}.Release|Any CPU.Build.0 = Release|Any CPU
		{3F022CD5-FCEF-45C9-9BBC-07535A896C9F}.Debug|Any CPU.ActiveCfg = Debug|Any CPU
		{3F022CD5-FCEF-45C9-9BBC-07535A896C9F}.Debug|Any CPU.Build.0 = Debug|Any CPU
		{3F022CD5-FCEF-45C9-9BBC-07535A896C9F}.Release|Any CPU.ActiveCfg = Release|Any CPU
		{3F022CD5-FCEF-45C9-9BBC-07535A896C9F}.Release|Any CPU.Build.0 = Release|Any CPU
		{4DB190DA-6AF6-4DB6-95FA-24245F0BC931}.Debug|Any CPU.ActiveCfg = Debug|Any CPU
		{4DB190DA-6AF6-4DB6-95FA-24245F0BC931}.Debug|Any CPU.Build.0 = Debug|Any CPU
		{4DB190DA-6AF6-4DB6-95FA-24245F0BC931}.Release|Any CPU.ActiveCfg = Release|Any CPU
		{4DB190DA-6AF6-4DB6-95FA-24245F0BC931}.Release|Any CPU.Build.0 = Release|Any CPU
		{33B0A70F-DDC4-4EF8-8470-F93A4F6C9F9E}.Debug|Any CPU.ActiveCfg = Debug|Any CPU
		{33B0A70F-DDC4-4EF8-8470-F93A4F6C9F9E}.Debug|Any CPU.Build.0 = Debug|Any CPU
		{33B0A70F-DDC4-4EF8-8470-F93A4F6C9F9E}.Release|Any CPU.ActiveCfg = Release|Any CPU
		{33B0A70F-DDC4-4EF8-8470-F93A4F6C9F9E}.Release|Any CPU.Build.0 = Release|Any CPU
		{0D5245EB-81F3-48D4-A637-AE6A234D6A22}.Debug|Any CPU.ActiveCfg = Debug|Any CPU
		{0D5245EB-81F3-48D4-A637-AE6A234D6A22}.Debug|Any CPU.Build.0 = Debug|Any CPU
		{0D5245EB-81F3-48D4-A637-AE6A234D6A22}.Release|Any CPU.ActiveCfg = Release|Any CPU
		{0D5245EB-81F3-48D4-A637-AE6A234D6A22}.Release|Any CPU.Build.0 = Release|Any CPU
		{E2749BD1-CE57-4F55-8E29-4DE31DA7C122}.Debug|Any CPU.ActiveCfg = Debug|Any CPU
		{E2749BD1-CE57-4F55-8E29-4DE31DA7C122}.Debug|Any CPU.Build.0 = Debug|Any CPU
		{E2749BD1-CE57-4F55-8E29-4DE31DA7C122}.Release|Any CPU.ActiveCfg = Release|Any CPU
		{E2749BD1-CE57-4F55-8E29-4DE31DA7C122}.Release|Any CPU.Build.0 = Release|Any CPU
		{0C0DA0D9-C85C-4740-9BB6-2F38DC68B6A9}.Debug|Any CPU.ActiveCfg = Debug|Any CPU
		{0C0DA0D9-C85C-4740-9BB6-2F38DC68B6A9}.Debug|Any CPU.Build.0 = Debug|Any CPU
		{0C0DA0D9-C85C-4740-9BB6-2F38DC68B6A9}.Release|Any CPU.ActiveCfg = Release|Any CPU
		{0C0DA0D9-C85C-4740-9BB6-2F38DC68B6A9}.Release|Any CPU.Build.0 = Release|Any CPU
	EndGlobalSection
	GlobalSection(NestedProjects) = preSolution
		{072F47B9-4926-4B72-8259-AC4FDB40D27C} = {FEAD9E5C-C9FD-4CCF-ABF4-D10627E337B6}
		{9D68292A-6B37-4F39-99AB-43ACE670BA60} = {FEAD9E5C-C9FD-4CCF-ABF4-D10627E337B6}
		{12D5F504-29BA-48A1-831E-332C81CD0389} = {FEAD9E5C-C9FD-4CCF-ABF4-D10627E337B6}
		{F99AC8D3-F5A4-4937-B1D0-EECB7C82D410} = {FEAD9E5C-C9FD-4CCF-ABF4-D10627E337B6}
		{878AA4A1-1E3E-4DEA-BB6A-FE4EFCACE3EB} = {FEAD9E5C-C9FD-4CCF-ABF4-D10627E337B6}
		{01A865E8-BC0B-4108-8673-2612BBF84554} = {FEAD9E5C-C9FD-4CCF-ABF4-D10627E337B6}
		{AF8334FB-EEE2-4B2D-871D-DA499A8CA465} = {E54161AF-736E-49DB-8496-F3D77648640A}
		{AC2F9317-3E77-4F77-9369-427CDDE25947} = {E54161AF-736E-49DB-8496-F3D77648640A}
		{2B7A7ECD-CC58-4633-BCB1-C6B0013BB753} = {E54161AF-736E-49DB-8496-F3D77648640A}
		{1D0DB285-6014-4C1C-9762-E4D839692F8E} = {E54161AF-736E-49DB-8496-F3D77648640A}
		{D58F4A1F-4185-4214-BEF9-B8CE0E9D2FDE} = {FEAD9E5C-C9FD-4CCF-ABF4-D10627E337B6}
		{35188430-A7A2-47BD-B2CC-AA8863B9E363} = {E54161AF-736E-49DB-8496-F3D77648640A}
		{3F022CD5-FCEF-45C9-9BBC-07535A896C9F} = {E54161AF-736E-49DB-8496-F3D77648640A}
		{4DB190DA-6AF6-4DB6-95FA-24245F0BC931} = {E54161AF-736E-49DB-8496-F3D77648640A}
		{33B0A70F-DDC4-4EF8-8470-F93A4F6C9F9E} = {E54161AF-736E-49DB-8496-F3D77648640A}
		{0D5245EB-81F3-48D4-A637-AE6A234D6A22} = {FEAD9E5C-C9FD-4CCF-ABF4-D10627E337B6}
		{E2749BD1-CE57-4F55-8E29-4DE31DA7C122} = {FEAD9E5C-C9FD-4CCF-ABF4-D10627E337B6}
		{0C0DA0D9-C85C-4740-9BB6-2F38DC68B6A9} = {FEAD9E5C-C9FD-4CCF-ABF4-D10627E337B6}
	EndGlobalSection
EndGlobal
